
Microsoft Visual Studio Solution File, Format Version 12.00
# Visual Studio Version 17
VisualStudioVersion = 17.9.34622.214
MinimumVisualStudioVersion = 10.0.40219.1
Project("{8BC9CEB8-8B4A-11D0-8D11-00A0C91BC942}") = "The second", "The second\The second.vcxproj", "{3042E97E-E9CD-4507-998B-0D3DA9C8F33C}"
EndProject
Global
	GlobalSection(SolutionConfigurationPlatforms) = preSolution
		Debug|x64 = Debug|x64
		Debug|x86 = Debug|x86
		Release|x64 = Release|x64
		Release|x86 = Release|x86
	EndGlobalSection
	GlobalSection(ProjectConfigurationPlatforms) = postSolution
		{3042E97E-E9CD-4507-998B-0D3DA9C8F33C}.Debug|x64.ActiveCfg = Debug|x64
		{3042E97E-E9CD-4507-998B-0D3DA9C8F33C}.Debug|x64.Build.0 = Debug|x64
		{3042E97E-E9CD-4507-998B-0D3DA9C8F33C}.Debug|x86.ActiveCfg = Debug|Win32
		{3042E97E-E9CD-4507-998B-0D3DA9C8F33C}.Debug|x86.Build.0 = Debug|Win32
		{3042E97E-E9CD-4507-998B-0D3DA9C8F33C}.Release|x64.ActiveCfg = Release|x64
		{3042E97E-E9CD-4507-998B-0D3DA9C8F33C}.Release|x64.Build.0 = Release|x64
		{3042E97E-E9CD-4507-998B-0D3DA9C8F33C}.Release|x86.ActiveCfg = Release|Win32
		{3042E97E-E9CD-4507-998B-0D3DA9C8F33C}.Release|x86.Build.0 = Release|Win32
	EndGlobalSection
	GlobalSection(SolutionProperties) = preSolution
		HideSolutionNode = FALSE
	EndGlobalSection
	GlobalSection(ExtensibilityGlobals) = postSolution
		SolutionGuid = {8C70173B-8AFC-470C-854C-FDE8F292FF9B}
	EndGlobalSection
EndGlobal
